
Microsoft Visual Studio Solution File, Format Version 12.00
# Visual Studio 15
VisualStudioVersion = 15.0.27004.2002
MinimumVisualStudioVersion = 10.0.40219.1
Project("{888888A0-9F3D-457C-B088-3A5042F75D52}") = "WebtesterApp", "WebtesterApp\WebtesterApp.pyproj", "{95562A76-7171-44D2-AC89-4E149E1A8656}"
EndProject
Global
	GlobalSection(SolutionConfigurationPlatforms) = preSolution
		Debug|Any CPU = Debug|Any CPU
		Release|Any CPU = Release|Any CPU
	EndGlobalSection
	GlobalSection(ProjectConfigurationPlatforms) = postSolution
		{95562A76-7171-44D2-AC89-4E149E1A8656}.Debug|Any CPU.ActiveCfg = Debug|Any CPU
		{95562A76-7171-44D2-AC89-4E149E1A8656}.Release|Any CPU.ActiveCfg = Release|Any CPU
	EndGlobalSection
	GlobalSection(SolutionProperties) = preSolution
		HideSolutionNode = FALSE
	EndGlobalSection
	GlobalSection(ExtensibilityGlobals) = postSolution
		SolutionGuid = {36ACCA94-05D7-4339-A7D6-1FB62E386B55}
	EndGlobalSection
EndGlobal
